
Microsoft Visual Studio Solution File, Format Version 11.00
# Visual Studio 2010
Project("{FAE04EC0-301F-11D3-BF4B-00C04F79EFBC}") = "FacebookConnector", "FacebookConnector\FacebookConnector.csproj", "{BD2E69F6-D435-439C-A669-BFB682D65EBB}"
EndProject
Project("{FAE04EC0-301F-11D3-BF4B-00C04F79EFBC}") = "SasFacebookTask", "SasFacebookTask\SasFacebookTask.csproj", "{52565A3D-F730-4C22-A6D4-073E12552348}"
EndProject
Global
	GlobalSection(SolutionConfigurationPlatforms) = preSolution
		Debug|Any CPU = Debug|Any CPU
		Debug|Mixed Platforms = Debug|Mixed Platforms
		Debug|x86 = Debug|x86
		Release|Any CPU = Release|Any CPU
		Release|Mixed Platforms = Release|Mixed Platforms
		Release|x86 = Release|x86
	EndGlobalSection
	GlobalSection(ProjectConfigurationPlatforms) = postSolution
		{BD2E69F6-D435-439C-A669-BFB682D65EBB}.Debug|Any CPU.ActiveCfg = Debug|x86
		{BD2E69F6-D435-439C-A669-BFB682D65EBB}.Debug|Mixed Platforms.ActiveCfg = Debug|x86
		{BD2E69F6-D435-439C-A669-BFB682D65EBB}.Debug|Mixed Platforms.Build.0 = Debug|x86
		{BD2E69F6-D435-439C-A669-BFB682D65EBB}.Debug|x86.ActiveCfg = Release|x86
		{BD2E69F6-D435-439C-A669-BFB682D65EBB}.Debug|x86.Build.0 = Release|x86
		{BD2E69F6-D435-439C-A669-BFB682D65EBB}.Release|Any CPU.ActiveCfg = Release|x86
		{BD2E69F6-D435-439C-A669-BFB682D65EBB}.Release|Mixed Platforms.ActiveCfg = Release|x86
		{BD2E69F6-D435-439C-A669-BFB682D65EBB}.Release|Mixed Platforms.Build.0 = Release|x86
		{BD2E69F6-D435-439C-A669-BFB682D65EBB}.Release|x86.ActiveCfg = Release|x86
		{BD2E69F6-D435-439C-A669-BFB682D65EBB}.Release|x86.Build.0 = Release|x86
		{52565A3D-F730-4C22-A6D4-073E12552348}.Debug|Any CPU.ActiveCfg = Debug|Any CPU
		{52565A3D-F730-4C22-A6D4-073E12552348}.Debug|Any CPU.Build.0 = Debug|Any CPU
		{52565A3D-F730-4C22-A6D4-073E12552348}.Debug|Mixed Platforms.ActiveCfg = Debug|Any CPU
		{52565A3D-F730-4C22-A6D4-073E12552348}.Debug|Mixed Platforms.Build.0 = Debug|Any CPU
		{52565A3D-F730-4C22-A6D4-073E12552348}.Debug|x86.ActiveCfg = Debug|Any CPU
		{52565A3D-F730-4C22-A6D4-073E12552348}.Release|Any CPU.ActiveCfg = Release|Any CPU
		{52565A3D-F730-4C22-A6D4-073E12552348}.Release|Any CPU.Build.0 = Release|Any CPU
		{52565A3D-F730-4C22-A6D4-073E12552348}.Release|Mixed Platforms.ActiveCfg = Release|Any CPU
		{52565A3D-F730-4C22-A6D4-073E12552348}.Release|Mixed Platforms.Build.0 = Release|Any CPU
		{52565A3D-F730-4C22-A6D4-073E12552348}.Release|x86.ActiveCfg = Release|Any CPU
		{52565A3D-F730-4C22-A6D4-073E12552348}.Release|x86.Build.0 = Release|Any CPU
	EndGlobalSection
	GlobalSection(SolutionProperties) = preSolution
		HideSolutionNode = FALSE
	EndGlobalSection
EndGlobal
